
Microsoft Visual Studio Solution File, Format Version 12.00
# Visual Studio Version 17
VisualStudioVersion = 17.6.33723.286
MinimumVisualStudioVersion = 10.0.40219.1
Project("{8BC9CEB8-8B4A-11D0-8D11-00A0C91BC942}") = "15.06(4)", "15.06(4)\15.06(4).vcxproj", "{850266D9-0076-4659-A611-FA84A84CE077}"
EndProject
Global
	GlobalSection(SolutionConfigurationPlatforms) = preSolution
		Debug|x64 = Debug|x64
		Debug|x86 = Debug|x86
		Release|x64 = Release|x64
		Release|x86 = Release|x86
	EndGlobalSection
	GlobalSection(ProjectConfigurationPlatforms) = postSolution
		{850266D9-0076-4659-A611-FA84A84CE077}.Debug|x64.ActiveCfg = Debug|x64
		{850266D9-0076-4659-A611-FA84A84CE077}.Debug|x64.Build.0 = Debug|x64
		{850266D9-0076-4659-A611-FA84A84CE077}.Debug|x86.ActiveCfg = Debug|Win32
		{850266D9-0076-4659-A611-FA84A84CE077}.Debug|x86.Build.0 = Debug|Win32
		{850266D9-0076-4659-A611-FA84A84CE077}.Release|x64.ActiveCfg = Release|x64
		{850266D9-0076-4659-A611-FA84A84CE077}.Release|x64.Build.0 = Release|x64
		{850266D9-0076-4659-A611-FA84A84CE077}.Release|x86.ActiveCfg = Release|Win32
		{850266D9-0076-4659-A611-FA84A84CE077}.Release|x86.Build.0 = Release|Win32
	EndGlobalSection
	GlobalSection(SolutionProperties) = preSolution
		HideSolutionNode = FALSE
	EndGlobalSection
	GlobalSection(ExtensibilityGlobals) = postSolution
		SolutionGuid = {91076BF1-5FD4-4875-A2FB-A393CA51C97F}
	EndGlobalSection
EndGlobal
